
Microsoft Visual Studio Solution File, Format Version 12.00
Project("{C8E4BDC9-F7B1-4283-93A5-40DE45B0742C}") = "CommunityFixes", "src/CommunityFixes/CommunityFixes.csproj", "{377FB54B-2745-497D-8873-E8FA76FF40F9}"
EndProject
Global
	GlobalSection(SolutionConfigurationPlatforms) = preSolution
		Debug|Any CPU = Debug|Any CPU
		Release|Any CPU = Release|Any CPU
		Deploy|Any CPU = Deploy|Any CPU
		DeployAndRun|Any CPU = DeployAndRun|Any CPU
	EndGlobalSection
	GlobalSection(ProjectConfigurationPlatforms) = postSolution
		{377FB54B-2745-497D-8873-E8FA76FF40F9}.Debug|Any CPU.ActiveCfg = Debug|Any CPU
		{377FB54B-2745-497D-8873-E8FA76FF40F9}.Debug|Any CPU.Build.0 = Debug|Any CPU
		{377FB54B-2745-497D-8873-E8FA76FF40F9}.Release|Any CPU.ActiveCfg = Release|Any CPU
		{377FB54B-2745-497D-8873-E8FA76FF40F9}.Release|Any CPU.Build.0 = Release|Any CPU
		{377FB54B-2745-497D-8873-E8FA76FF40F9}.Deploy|Any CPU.ActiveCfg = Deploy|Any CPU
		{377FB54B-2745-497D-8873-E8FA76FF40F9}.Deploy|Any CPU.Build.0 = Deploy|Any CPU
		{377FB54B-2745-497D-8873-E8FA76FF40F9}.DeployAndRun|Any CPU.ActiveCfg = DeployAndRun|Any CPU
		{377FB54B-2745-497D-8873-E8FA76FF40F9}.DeployAndRun|Any CPU.Build.0 = DeployAndRun|Any CPU
	EndGlobalSection
EndGlobal
